
Microsoft Visual Studio Solution File, Format Version 12.00
# Visual Studio Version 16
VisualStudioVersion = 16.0.808.0
MinimumVisualStudioVersion = 10.0.40219.1
Project("{FAE04EC0-301F-11D3-BF4B-00C04F79EFBC}") = "LongRunningTask.Android", "LongRunningTask.Android\LongRunningTask.Android.csproj", "{D1D4C639-FBB4-4759-B8BF-56B5D1C57B47}"
EndProject
Project("{FAE04EC0-301F-11D3-BF4B-00C04F79EFBC}") = "LongRunningTask.iOS", "LongRunningTask.iOS\LongRunningTask.iOS.csproj", "{A52798DF-5544-4EC7-A744-3888A31A7911}"
EndProject
Project("{FAE04EC0-301F-11D3-BF4B-00C04F79EFBC}") = "LongRunningTask", "LongRunningTask\LongRunningTask.csproj", "{667DBAFF-0D3A-4B56-B286-B10F19043799}"
EndProject
Global
	GlobalSection(SolutionConfigurationPlatforms) = preSolution
		Debug|Any CPU = Debug|Any CPU
		Release|Any CPU = Release|Any CPU
		Debug|iPhoneSimulator = Debug|iPhoneSimulator
		Release|iPhoneSimulator = Release|iPhoneSimulator
		Debug|iPhone = Debug|iPhone
		Release|iPhone = Release|iPhone
	EndGlobalSection
	GlobalSection(ProjectConfigurationPlatforms) = postSolution
		{D1D4C639-FBB4-4759-B8BF-56B5D1C57B47}.Debug|Any CPU.ActiveCfg = Debug|Any CPU
		{D1D4C639-FBB4-4759-B8BF-56B5D1C57B47}.Debug|Any CPU.Build.0 = Debug|Any CPU
		{D1D4C639-FBB4-4759-B8BF-56B5D1C57B47}.Release|Any CPU.ActiveCfg = Release|Any CPU
		{D1D4C639-FBB4-4759-B8BF-56B5D1C57B47}.Release|Any CPU.Build.0 = Release|Any CPU
		{D1D4C639-FBB4-4759-B8BF-56B5D1C57B47}.Debug|iPhoneSimulator.ActiveCfg = Debug|Any CPU
		{D1D4C639-FBB4-4759-B8BF-56B5D1C57B47}.Debug|iPhoneSimulator.Build.0 = Debug|Any CPU
		{D1D4C639-FBB4-4759-B8BF-56B5D1C57B47}.Release|iPhoneSimulator.ActiveCfg = Release|Any CPU
		{D1D4C639-FBB4-4759-B8BF-56B5D1C57B47}.Release|iPhoneSimulator.Build.0 = Release|Any CPU
		{D1D4C639-FBB4-4759-B8BF-56B5D1C57B47}.Debug|iPhone.ActiveCfg = Debug|Any CPU
		{D1D4C639-FBB4-4759-B8BF-56B5D1C57B47}.Debug|iPhone.Build.0 = Debug|Any CPU
		{D1D4C639-FBB4-4759-B8BF-56B5D1C57B47}.Release|iPhone.ActiveCfg = Release|Any CPU
		{D1D4C639-FBB4-4759-B8BF-56B5D1C57B47}.Release|iPhone.Build.0 = Release|Any CPU
		{A52798DF-5544-4EC7-A744-3888A31A7911}.Debug|Any CPU.ActiveCfg = Debug|iPhoneSimulator
		{A52798DF-5544-4EC7-A744-3888A31A7911}.Debug|Any CPU.Build.0 = Debug|iPhoneSimulator
		{A52798DF-5544-4EC7-A744-3888A31A7911}.Release|Any CPU.ActiveCfg = Release|iPhoneSimulator
		{A52798DF-5544-4EC7-A744-3888A31A7911}.Release|Any CPU.Build.0 = Release|iPhoneSimulator
		{A52798DF-5544-4EC7-A744-3888A31A7911}.Debug|iPhoneSimulator.ActiveCfg = Debug|iPhoneSimulator
		{A52798DF-5544-4EC7-A744-3888A31A7911}.Debug|iPhoneSimulator.Build.0 = Debug|iPhoneSimulator
		{A52798DF-5544-4EC7-A744-3888A31A7911}.Release|iPhoneSimulator.ActiveCfg = Release|iPhoneSimulator
		{A52798DF-5544-4EC7-A744-3888A31A7911}.Release|iPhoneSimulator.Build.0 = Release|iPhoneSimulator
		{A52798DF-5544-4EC7-A744-3888A31A7911}.Debug|iPhone.ActiveCfg = Debug|iPhone
		{A52798DF-5544-4EC7-A744-3888A31A7911}.Debug|iPhone.Build.0 = Debug|iPhone
		{A52798DF-5544-4EC7-A744-3888A31A7911}.Release|iPhone.ActiveCfg = Release|iPhone
		{A52798DF-5544-4EC7-A744-3888A31A7911}.Release|iPhone.Build.0 = Release|iPhone
		{667DBAFF-0D3A-4B56-B286-B10F19043799}.Debug|Any CPU.ActiveCfg = Debug|Any CPU
		{667DBAFF-0D3A-4B56-B286-B10F19043799}.Debug|Any CPU.Build.0 = Debug|Any CPU
		{667DBAFF-0D3A-4B56-B286-B10F19043799}.Release|Any CPU.ActiveCfg = Release|Any CPU
		{667DBAFF-0D3A-4B56-B286-B10F19043799}.Release|Any CPU.Build.0 = Release|Any CPU
		{667DBAFF-0D3A-4B56-B286-B10F19043799}.Debug|iPhoneSimulator.ActiveCfg = Debug|Any CPU
		{667DBAFF-0D3A-4B56-B286-B10F19043799}.Debug|iPhoneSimulator.Build.0 = Debug|Any CPU
		{667DBAFF-0D3A-4B56-B286-B10F19043799}.Release|iPhoneSimulator.ActiveCfg = Release|Any CPU
		{667DBAFF-0D3A-4B56-B286-B10F19043799}.Release|iPhoneSimulator.Build.0 = Release|Any CPU
		{667DBAFF-0D3A-4B56-B286-B10F19043799}.Debug|iPhone.ActiveCfg = Debug|Any CPU
		{667DBAFF-0D3A-4B56-B286-B10F19043799}.Debug|iPhone.Build.0 = Debug|Any CPU
		{667DBAFF-0D3A-4B56-B286-B10F19043799}.Release|iPhone.ActiveCfg = Release|Any CPU
		{667DBAFF-0D3A-4B56-B286-B10F19043799}.Release|iPhone.Build.0 = Release|Any CPU
	EndGlobalSection
	GlobalSection(SolutionProperties) = preSolution
		HideSolutionNode = FALSE
	EndGlobalSection
	GlobalSection(ExtensibilityGlobals) = postSolution
		SolutionGuid = {5FD3C6C2-63E6-4E12-84D7-6DAB92360DC5}
	EndGlobalSection
EndGlobal
